
Microsoft Visual Studio Solution File, Format Version 12.00
# Visual Studio Version 16
VisualStudioVersion = 16.0.33130.400
MinimumVisualStudioVersion = 10.0.40219.1
Project("{FAE04EC0-301F-11D3-BF4B-00C04F79EFBC}") = "TecnicaCRC", "TecnicaCRC\TecnicaCRC.csproj", "{6A93D605-DBE0-4CA2-A4F4-D783F19C46E3}"
EndProject
Global
	GlobalSection(SolutionConfigurationPlatforms) = preSolution
		Debug|Any CPU = Debug|Any CPU
		Release|Any CPU = Release|Any CPU
	EndGlobalSection
	GlobalSection(ProjectConfigurationPlatforms) = postSolution
		{6A93D605-DBE0-4CA2-A4F4-D783F19C46E3}.Debug|Any CPU.ActiveCfg = Debug|Any CPU
		{6A93D605-DBE0-4CA2-A4F4-D783F19C46E3}.Debug|Any CPU.Build.0 = Debug|Any CPU
		{6A93D605-DBE0-4CA2-A4F4-D783F19C46E3}.Release|Any CPU.ActiveCfg = Release|Any CPU
		{6A93D605-DBE0-4CA2-A4F4-D783F19C46E3}.Release|Any CPU.Build.0 = Release|Any CPU
	EndGlobalSection
	GlobalSection(SolutionProperties) = preSolution
		HideSolutionNode = FALSE
	EndGlobalSection
	GlobalSection(ExtensibilityGlobals) = postSolution
		SolutionGuid = {E9DFDE08-EDEC-4274-9AD8-D140C63EDA42}
	EndGlobalSection
EndGlobal
